
Microsoft Visual Studio Solution File, Format Version 12.00
# Visual Studio Version 17
VisualStudioVersion = 17.6.33815.320
MinimumVisualStudioVersion = 10.0.40219.1
Project("{FAE04EC0-301F-11D3-BF4B-00C04F79EFBC}") = "project1", "project1\project1.csproj", "{329D015B-147E-44AA-8D4A-7225421B3AC5}"
EndProject
Global
	GlobalSection(SolutionConfigurationPlatforms) = preSolution
		Debug|Any CPU = Debug|Any CPU
		Release|Any CPU = Release|Any CPU
	EndGlobalSection
	GlobalSection(ProjectConfigurationPlatforms) = postSolution
		{329D015B-147E-44AA-8D4A-7225421B3AC5}.Debug|Any CPU.ActiveCfg = Debug|Any CPU
		{329D015B-147E-44AA-8D4A-7225421B3AC5}.Debug|Any CPU.Build.0 = Debug|Any CPU
		{329D015B-147E-44AA-8D4A-7225421B3AC5}.Release|Any CPU.ActiveCfg = Release|Any CPU
		{329D015B-147E-44AA-8D4A-7225421B3AC5}.Release|Any CPU.Build.0 = Release|Any CPU
	EndGlobalSection
	GlobalSection(SolutionProperties) = preSolution
		HideSolutionNode = FALSE
	EndGlobalSection
	GlobalSection(ExtensibilityGlobals) = postSolution
		SolutionGuid = {AC61AD52-3B67-47AB-938F-F7BFF7B52292}
	EndGlobalSection
EndGlobal
